
Microsoft Visual Studio Solution File, Format Version 12.00
# Visual Studio 15
VisualStudioVersion = 15.0.27130.2027
MinimumVisualStudioVersion = 10.0.40219.1
Project("{FAE04EC0-301F-11D3-BF4B-00C04F79EFBC}") = "Phoneword.Android", "Phoneword\Phoneword.Android\Phoneword.Android.csproj", "{A663EFD0-C786-45EE-A30E-220F8BF73E6E}"
EndProject
Project("{FAE04EC0-301F-11D3-BF4B-00C04F79EFBC}") = "Phoneword.iOS", "Phoneword\Phoneword.iOS\Phoneword.iOS.csproj", "{DABA530F-8218-4ACD-8CD6-3D4C9CEF77E6}"
EndProject
Project("{FAE04EC0-301F-11D3-BF4B-00C04F79EFBC}") = "Phoneword.UWP", "Phoneword\Phoneword.UWP\Phoneword.UWP.csproj", "{5490EA05-AE39-4AFC-8A85-64BA8D748B9E}"
EndProject
Project("{FAE04EC0-301F-11D3-BF4B-00C04F79EFBC}") = "Phoneword", "Phoneword\Phoneword\Phoneword.csproj", "{688553D8-8642-4288-8B68-1BC07CDC8CBC}"
EndProject
Global
	GlobalSection(SolutionConfigurationPlatforms) = preSolution
		Ad-Hoc|Any CPU = Ad-Hoc|Any CPU
		Ad-Hoc|ARM = Ad-Hoc|ARM
		Ad-Hoc|iPhone = Ad-Hoc|iPhone
		Ad-Hoc|iPhoneSimulator = Ad-Hoc|iPhoneSimulator
		Ad-Hoc|x64 = Ad-Hoc|x64
		Ad-Hoc|x86 = Ad-Hoc|x86
		AppStore|Any CPU = AppStore|Any CPU
		AppStore|ARM = AppStore|ARM
		AppStore|iPhone = AppStore|iPhone
		AppStore|iPhoneSimulator = AppStore|iPhoneSimulator
		AppStore|x64 = AppStore|x64
		AppStore|x86 = AppStore|x86
		Debug|Any CPU = Debug|Any CPU
		Debug|ARM = Debug|ARM
		Debug|iPhone = Debug|iPhone
		Debug|iPhoneSimulator = Debug|iPhoneSimulator
		Debug|x64 = Debug|x64
		Debug|x86 = Debug|x86
		Release|Any CPU = Release|Any CPU
		Release|ARM = Release|ARM
		Release|iPhone = Release|iPhone
		Release|iPhoneSimulator = Release|iPhoneSimulator
		Release|x64 = Release|x64
		Release|x86 = Release|x86
	EndGlobalSection
	GlobalSection(ProjectConfigurationPlatforms) = postSolution
		{A663EFD0-C786-45EE-A30E-220F8BF73E6E}.Ad-Hoc|Any CPU.ActiveCfg = Release|Any CPU
		{A663EFD0-C786-45EE-A30E-220F8BF73E6E}.Ad-Hoc|Any CPU.Build.0 = Release|Any CPU
		{A663EFD0-C786-45EE-A30E-220F8BF73E6E}.Ad-Hoc|Any CPU.Deploy.0 = Release|Any CPU
		{A663EFD0-C786-45EE-A30E-220F8BF73E6E}.Ad-Hoc|ARM.ActiveCfg = Release|Any CPU
		{A663EFD0-C786-45EE-A30E-220F8BF73E6E}.Ad-Hoc|ARM.Build.0 = Release|Any CPU
		{A663EFD0-C786-45EE-A30E-220F8BF73E6E}.Ad-Hoc|ARM.Deploy.0 = Release|Any CPU
		{A663EFD0-C786-45EE-A30E-220F8BF73E6E}.Ad-Hoc|iPhone.ActiveCfg = Release|Any CPU
		{A663EFD0-C786-45EE-A30E-220F8BF73E6E}.Ad-Hoc|iPhone.Build.0 = Release|Any CPU
		{A663EFD0-C786-45EE-A30E-220F8BF73E6E}.Ad-Hoc|iPhone.Deploy.0 = Release|Any CPU
		{A663EFD0-C786-45EE-A30E-220F8BF73E6E}.Ad-Hoc|iPhoneSimulator.ActiveCfg = Release|Any CPU
		{A663EFD0-C786-45EE-A30E-220F8BF73E6E}.Ad-Hoc|iPhoneSimulator.Build.0 = Release|Any CPU
		{A663EFD0-C786-45EE-A30E-220F8BF73E6E}.Ad-Hoc|iPhoneSimulator.Deploy.0 = Release|Any CPU
		{A663EFD0-C786-45EE-A30E-220F8BF73E6E}.Ad-Hoc|x64.ActiveCfg = Release|Any CPU
		{A663EFD0-C786-45EE-A30E-220F8BF73E6E}.Ad-Hoc|x64.Build.0 = Release|Any CPU
		{A663EFD0-C786-45EE-A30E-220F8BF73E6E}.Ad-Hoc|x64.Deploy.0 = Release|Any CPU
		{A663EFD0-C786-45EE-A30E-220F8BF73E6E}.Ad-Hoc|x86.ActiveCfg = Release|Any CPU
		{A663EFD0-C786-45EE-A30E-220F8BF73E6E}.Ad-Hoc|x86.Build.0 = Release|Any CPU
		{A663EFD0-C786-45EE-A30E-220F8BF73E6E}.Ad-Hoc|x86.Deploy.0 = Release|Any CPU
		{A663EFD0-C786-45EE-A30E-220F8BF73E6E}.AppStore|Any CPU.ActiveCfg = Release|Any CPU
		{A663EFD0-C786-45EE-A30E-220F8BF73E6E}.AppStore|Any CPU.Build.0 = Release|Any CPU
		{A663EFD0-C786-45EE-A30E-220F8BF73E6E}.AppStore|Any CPU.Deploy.0 = Release|Any CPU
		{A663EFD0-C786-45EE-A30E-220F8BF73E6E}.AppStore|ARM.ActiveCfg = Release|Any CPU
		{A663EFD0-C786-45EE-A30E-220F8BF73E6E}.AppStore|ARM.Build.0 = Release|Any CPU
		{A663EFD0-C786-45EE-A30E-220F8BF73E6E}.AppStore|ARM.Deploy.0 = Release|Any CPU
		{A663EFD0-C786-45EE-A30E-220F8BF73E6E}.AppStore|iPhone.ActiveCfg = Release|Any CPU
		{A663EFD0-C786-45EE-A30E-220F8BF73E6E}.AppStore|iPhone.Build.0 = Release|Any CPU
		{A663EFD0-C786-45EE-A30E-220F8BF73E6E}.AppStore|iPhone.Deploy.0 = Release|Any CPU
		{A663EFD0-C786-45EE-A30E-220F8BF73E6E}.AppStore|iPhoneSimulator.ActiveCfg = Release|Any CPU
		{A663EFD0-C786-45EE-A30E-220F8BF73E6E}.AppStore|iPhoneSimulator.Build.0 = Release|Any CPU
		{A663EFD0-C786-45EE-A30E-220F8BF73E6E}.AppStore|iPhoneSimulator.Deploy.0 = Release|Any CPU
		{A663EFD0-C786-45EE-A30E-220F8BF73E6E}.AppStore|x64.ActiveCfg = Release|Any CPU
		{A663EFD0-C786-45EE-A30E-220F8BF73E6E}.AppStore|x64.Build.0 = Release|Any CPU
		{A663EFD0-C786-45EE-A30E-220F8BF73E6E}.AppStore|x64.Deploy.0 = Release|Any CPU
		{A663EFD0-C786-45EE-A30E-220F8BF73E6E}.AppStore|x86.ActiveCfg = Release|Any CPU
		{A663EFD0-C786-45EE-A30E-220F8BF73E6E}.AppStore|x86.Build.0 = Release|Any CPU
		{A663EFD0-C786-45EE-A30E-220F8BF73E6E}.AppStore|x86.Deploy.0 = Release|Any CPU
		{A663EFD0-C786-45EE-A30E-220F8BF73E6E}.Debug|Any CPU.ActiveCfg = Debug|Any CPU
		{A663EFD0-C786-45EE-A30E-220F8BF73E6E}.Debug|Any CPU.Build.0 = Debug|Any CPU
		{A663EFD0-C786-45EE-A30E-220F8BF73E6E}.Debug|Any CPU.Deploy.0 = Debug|Any CPU
		{A663EFD0-C786-45EE-A30E-220F8BF73E6E}.Debug|ARM.ActiveCfg = Debug|Any CPU
		{A663EFD0-C786-45EE-A30E-220F8BF73E6E}.Debug|ARM.Build.0 = Debug|Any CPU
		{A663EFD0-C786-45EE-A30E-220F8BF73E6E}.Debug|ARM.Deploy.0 = Debug|Any CPU
		{A663EFD0-C786-45EE-A30E-220F8BF73E6E}.Debug|iPhone.ActiveCfg = Debug|Any CPU
		{A663EFD0-C786-45EE-A30E-220F8BF73E6E}.Debug|iPhone.Build.0 = Debug|Any CPU
		{A663EFD0-C786-45EE-A30E-220F8BF73E6E}.Debug|iPhone.Deploy.0 = Debug|Any CPU
		{A663EFD0-C786-45EE-A30E-220F8BF73E6E}.Debug|iPhoneSimulator.ActiveCfg = Debug|Any CPU
		{A663EFD0-C786-45EE-A30E-220F8BF73E6E}.Debug|iPhoneSimulator.Build.0 = Debug|Any CPU
		{A663EFD0-C786-45EE-A30E-220F8BF73E6E}.Debug|iPhoneSimulator.Deploy.0 = Debug|Any CPU
		{A663EFD0-C786-45EE-A30E-220F8BF73E6E}.Debug|x64.ActiveCfg = Debug|Any CPU
		{A663EFD0-C786-45EE-A30E-220F8BF73E6E}.Debug|x64.Build.0 = Debug|Any CPU
		{A663EFD0-C786-45EE-A30E-220F8BF73E6E}.Debug|x64.Deploy.0 = Debug|Any CPU
		{A663EFD0-C786-45EE-A30E-220F8BF73E6E}.Debug|x86.ActiveCfg = Debug|Any CPU
		{A663EFD0-C786-45EE-A30E-220F8BF73E6E}.Debug|x86.Build.0 = Debug|Any CPU
		{A663EFD0-C786-45EE-A30E-220F8BF73E6E}.Debug|x86.Deploy.0 = Debug|Any CPU
		{A663EFD0-C786-45EE-A30E-220F8BF73E6E}.Release|Any CPU.ActiveCfg = Release|Any CPU
		{A663EFD0-C786-45EE-A30E-220F8BF73E6E}.Release|Any CPU.Build.0 = Release|Any CPU
		{A663EFD0-C786-45EE-A30E-220F8BF73E6E}.Release|Any CPU.Deploy.0 = Release|Any CPU
		{A663EFD0-C786-45EE-A30E-220F8BF73E6E}.Release|ARM.ActiveCfg = Release|Any CPU
		{A663EFD0-C786-45EE-A30E-220F8BF73E6E}.Release|ARM.Build.0 = Release|Any CPU
		{A663EFD0-C786-45EE-A30E-220F8BF73E6E}.Release|ARM.Deploy.0 = Release|Any CPU
		{A663EFD0-C786-45EE-A30E-220F8BF73E6E}.Release|iPhone.ActiveCfg = Release|Any CPU
		{A663EFD0-C786-45EE-A30E-220F8BF73E6E}.Release|iPhone.Build.0 = Release|Any CPU
		{A663EFD0-C786-45EE-A30E-220F8BF73E6E}.Release|iPhone.Deploy.0 = Release|Any CPU
		{A663EFD0-C786-45EE-A30E-220F8BF73E6E}.Release|iPhoneSimulator.ActiveCfg = Release|Any CPU
		{A663EFD0-C786-45EE-A30E-220F8BF73E6E}.Release|iPhoneSimulator.Build.0 = Release|Any CPU
		{A663EFD0-C786-45EE-A30E-220F8BF73E6E}.Release|iPhoneSimulator.Deploy.0 = Release|Any CPU
		{A663EFD0-C786-45EE-A30E-220F8BF73E6E}.Release|x64.ActiveCfg = Release|Any CPU
		{A663EFD0-C786-45EE-A30E-220F8BF73E6E}.Release|x64.Build.0 = Release|Any CPU
		{A663EFD0-C786-45EE-A30E-220F8BF73E6E}.Release|x64.Deploy.0 = Release|Any CPU
		{A663EFD0-C786-45EE-A30E-220F8BF73E6E}.Release|x86.ActiveCfg = Release|Any CPU
		{A663EFD0-C786-45EE-A30E-220F8BF73E6E}.Release|x86.Build.0 = Release|Any CPU
		{A663EFD0-C786-45EE-A30E-220F8BF73E6E}.Release|x86.Deploy.0 = Release|Any CPU
		{DABA530F-8218-4ACD-8CD6-3D4C9CEF77E6}.Ad-Hoc|Any CPU.ActiveCfg = Ad-Hoc|iPhone
		{DABA530F-8218-4ACD-8CD6-3D4C9CEF77E6}.Ad-Hoc|ARM.ActiveCfg = Ad-Hoc|iPhone
		{DABA530F-8218-4ACD-8CD6-3D4C9CEF77E6}.Ad-Hoc|iPhone.ActiveCfg = Ad-Hoc|iPhone
		{DABA530F-8218-4ACD-8CD6-3D4C9CEF77E6}.Ad-Hoc|iPhone.Build.0 = Ad-Hoc|iPhone
		{DABA530F-8218-4ACD-8CD6-3D4C9CEF77E6}.Ad-Hoc|iPhoneSimulator.ActiveCfg = Ad-Hoc|iPhoneSimulator
		{DABA530F-8218-4ACD-8CD6-3D4C9CEF77E6}.Ad-Hoc|iPhoneSimulator.Build.0 = Ad-Hoc|iPhoneSimulator
		{DABA530F-8218-4ACD-8CD6-3D4C9CEF77E6}.Ad-Hoc|x64.ActiveCfg = Ad-Hoc|iPhone
		{DABA530F-8218-4ACD-8CD6-3D4C9CEF77E6}.Ad-Hoc|x86.ActiveCfg = Ad-Hoc|iPhone
		{DABA530F-8218-4ACD-8CD6-3D4C9CEF77E6}.AppStore|Any CPU.ActiveCfg = AppStore|iPhone
		{DABA530F-8218-4ACD-8CD6-3D4C9CEF77E6}.AppStore|ARM.ActiveCfg = AppStore|iPhone
		{DABA530F-8218-4ACD-8CD6-3D4C9CEF77E6}.AppStore|iPhone.ActiveCfg = AppStore|iPhone
		{DABA530F-8218-4ACD-8CD6-3D4C9CEF77E6}.AppStore|iPhone.Build.0 = AppStore|iPhone
		{DABA530F-8218-4ACD-8CD6-3D4C9CEF77E6}.AppStore|iPhoneSimulator.ActiveCfg = AppStore|iPhoneSimulator
		{DABA530F-8218-4ACD-8CD6-3D4C9CEF77E6}.AppStore|iPhoneSimulator.Build.0 = AppStore|iPhoneSimulator
		{DABA530F-8218-4ACD-8CD6-3D4C9CEF77E6}.AppStore|x64.ActiveCfg = AppStore|iPhone
		{DABA530F-8218-4ACD-8CD6-3D4C9CEF77E6}.AppStore|x86.ActiveCfg = AppStore|iPhone
		{DABA530F-8218-4ACD-8CD6-3D4C9CEF77E6}.Debug|Any CPU.ActiveCfg = Debug|iPhone
		{DABA530F-8218-4ACD-8CD6-3D4C9CEF77E6}.Debug|ARM.ActiveCfg = Debug|iPhone
		{DABA530F-8218-4ACD-8CD6-3D4C9CEF77E6}.Debug|iPhone.ActiveCfg = Debug|iPhone
		{DABA530F-8218-4ACD-8CD6-3D4C9CEF77E6}.Debug|iPhone.Build.0 = Debug|iPhone
		{DABA530F-8218-4ACD-8CD6-3D4C9CEF77E6}.Debug|iPhoneSimulator.ActiveCfg = Debug|iPhoneSimulator
		{DABA530F-8218-4ACD-8CD6-3D4C9CEF77E6}.Debug|iPhoneSimulator.Build.0 = Debug|iPhoneSimulator
		{DABA530F-8218-4ACD-8CD6-3D4C9CEF77E6}.Debug|x64.ActiveCfg = Debug|iPhone
		{DABA530F-8218-4ACD-8CD6-3D4C9CEF77E6}.Debug|x86.ActiveCfg = Debug|iPhone
		{DABA530F-8218-4ACD-8CD6-3D4C9CEF77E6}.Release|Any CPU.ActiveCfg = Release|iPhone
		{DABA530F-8218-4ACD-8CD6-3D4C9CEF77E6}.Release|ARM.ActiveCfg = Release|iPhone
		{DABA530F-8218-4ACD-8CD6-3D4C9CEF77E6}.Release|iPhone.ActiveCfg = Release|iPhone
		{DABA530F-8218-4ACD-8CD6-3D4C9CEF77E6}.Release|iPhone.Build.0 = Release|iPhone
		{DABA530F-8218-4ACD-8CD6-3D4C9CEF77E6}.Release|iPhoneSimulator.ActiveCfg = Release|iPhoneSimulator
		{DABA530F-8218-4ACD-8CD6-3D4C9CEF77E6}.Release|iPhoneSimulator.Build.0 = Release|iPhoneSimulator
		{DABA530F-8218-4ACD-8CD6-3D4C9CEF77E6}.Release|x64.ActiveCfg = Release|iPhone
		{DABA530F-8218-4ACD-8CD6-3D4C9CEF77E6}.Release|x86.ActiveCfg = Release|iPhone
		{5490EA05-AE39-4AFC-8A85-64BA8D748B9E}.Ad-Hoc|Any CPU.ActiveCfg = Release|x86
		{5490EA05-AE39-4AFC-8A85-64BA8D748B9E}.Ad-Hoc|Any CPU.Build.0 = Release|x86
		{5490EA05-AE39-4AFC-8A85-64BA8D748B9E}.Ad-Hoc|Any CPU.Deploy.0 = Release|x86
		{5490EA05-AE39-4AFC-8A85-64BA8D748B9E}.Ad-Hoc|ARM.ActiveCfg = Release|ARM
		{5490EA05-AE39-4AFC-8A85-64BA8D748B9E}.Ad-Hoc|ARM.Build.0 = Release|ARM
		{5490EA05-AE39-4AFC-8A85-64BA8D748B9E}.Ad-Hoc|ARM.Deploy.0 = Release|ARM
		{5490EA05-AE39-4AFC-8A85-64BA8D748B9E}.Ad-Hoc|iPhone.ActiveCfg = Release|x86
		{5490EA05-AE39-4AFC-8A85-64BA8D748B9E}.Ad-Hoc|iPhone.Build.0 = Release|x86
		{5490EA05-AE39-4AFC-8A85-64BA8D748B9E}.Ad-Hoc|iPhone.Deploy.0 = Release|x86
		{5490EA05-AE39-4AFC-8A85-64BA8D748B9E}.Ad-Hoc|iPhoneSimulator.ActiveCfg = Release|x86
		{5490EA05-AE39-4AFC-8A85-64BA8D748B9E}.Ad-Hoc|iPhoneSimulator.Build.0 = Release|x86
		{5490EA05-AE39-4AFC-8A85-64BA8D748B9E}.Ad-Hoc|iPhoneSimulator.Deploy.0 = Release|x86
		{5490EA05-AE39-4AFC-8A85-64BA8D748B9E}.Ad-Hoc|x64.ActiveCfg = Release|x64
		{5490EA05-AE39-4AFC-8A85-64BA8D748B9E}.Ad-Hoc|x64.Build.0 = Release|x64
		{5490EA05-AE39-4AFC-8A85-64BA8D748B9E}.Ad-Hoc|x64.Deploy.0 = Release|x64
		{5490EA05-AE39-4AFC-8A85-64BA8D748B9E}.Ad-Hoc|x86.ActiveCfg = Release|x86
		{5490EA05-AE39-4AFC-8A85-64BA8D748B9E}.Ad-Hoc|x86.Build.0 = Release|x86
		{5490EA05-AE39-4AFC-8A85-64BA8D748B9E}.Ad-Hoc|x86.Deploy.0 = Release|x86
		{5490EA05-AE39-4AFC-8A85-64BA8D748B9E}.AppStore|Any CPU.ActiveCfg = Release|x86
		{5490EA05-AE39-4AFC-8A85-64BA8D748B9E}.AppStore|Any CPU.Build.0 = Release|x86
		{5490EA05-AE39-4AFC-8A85-64BA8D748B9E}.AppStore|Any CPU.Deploy.0 = Release|x86
		{5490EA05-AE39-4AFC-8A85-64BA8D748B9E}.AppStore|ARM.ActiveCfg = Release|ARM
		{5490EA05-AE39-4AFC-8A85-64BA8D748B9E}.AppStore|ARM.Build.0 = Release|ARM
		{5490EA05-AE39-4AFC-8A85-64BA8D748B9E}.AppStore|ARM.Deploy.0 = Release|ARM
		{5490EA05-AE39-4AFC-8A85-64BA8D748B9E}.AppStore|iPhone.ActiveCfg = Release|x86
		{5490EA05-AE39-4AFC-8A85-64BA8D748B9E}.AppStore|iPhone.Build.0 = Release|x86
		{5490EA05-AE39-4AFC-8A85-64BA8D748B9E}.AppStore|iPhone.Deploy.0 = Release|x86
		{5490EA05-AE39-4AFC-8A85-64BA8D748B9E}.AppStore|iPhoneSimulator.ActiveCfg = Release|x86
		{5490EA05-AE39-4AFC-8A85-64BA8D748B9E}.AppStore|iPhoneSimulator.Build.0 = Release|x86
		{5490EA05-AE39-4AFC-8A85-64BA8D748B9E}.AppStore|iPhoneSimulator.Deploy.0 = Release|x86
		{5490EA05-AE39-4AFC-8A85-64BA8D748B9E}.AppStore|x64.ActiveCfg = Release|x64
		{5490EA05-AE39-4AFC-8A85-64BA8D748B9E}.AppStore|x64.Build.0 = Release|x64
		{5490EA05-AE39-4AFC-8A85-64BA8D748B9E}.AppStore|x64.Deploy.0 = Release|x64
		{5490EA05-AE39-4AFC-8A85-64BA8D748B9E}.AppStore|x86.ActiveCfg = Release|x86
		{5490EA05-AE39-4AFC-8A85-64BA8D748B9E}.AppStore|x86.Build.0 = Release|x86
		{5490EA05-AE39-4AFC-8A85-64BA8D748B9E}.AppStore|x86.Deploy.0 = Release|x86
		{5490EA05-AE39-4AFC-8A85-64BA8D748B9E}.Debug|Any CPU.ActiveCfg = Debug|x86
		{5490EA05-AE39-4AFC-8A85-64BA8D748B9E}.Debug|ARM.ActiveCfg = Debug|ARM
		{5490EA05-AE39-4AFC-8A85-64BA8D748B9E}.Debug|ARM.Build.0 = Debug|ARM
		{5490EA05-AE39-4AFC-8A85-64BA8D748B9E}.Debug|ARM.Deploy.0 = Debug|ARM
		{5490EA05-AE39-4AFC-8A85-64BA8D748B9E}.Debug|iPhone.ActiveCfg = Debug|x86
		{5490EA05-AE39-4AFC-8A85-64BA8D748B9E}.Debug|iPhoneSimulator.ActiveCfg = Debug|x86
		{5490EA05-AE39-4AFC-8A85-64BA8D748B9E}.Debug|x64.ActiveCfg = Debug|x64
		{5490EA05-AE39-4AFC-8A85-64BA8D748B9E}.Debug|x64.Build.0 = Debug|x64
		{5490EA05-AE39-4AFC-8A85-64BA8D748B9E}.Debug|x64.Deploy.0 = Debug|x64
		{5490EA05-AE39-4AFC-8A85-64BA8D748B9E}.Debug|x86.ActiveCfg = Debug|x86
		{5490EA05-AE39-4AFC-8A85-64BA8D748B9E}.Debug|x86.Build.0 = Debug|x86
		{5490EA05-AE39-4AFC-8A85-64BA8D748B9E}.Debug|x86.Deploy.0 = Debug|x86
		{5490EA05-AE39-4AFC-8A85-64BA8D748B9E}.Release|Any CPU.ActiveCfg = Release|x86
		{5490EA05-AE39-4AFC-8A85-64BA8D748B9E}.Release|ARM.ActiveCfg = Release|ARM
		{5490EA05-AE39-4AFC-8A85-64BA8D748B9E}.Release|ARM.Build.0 = Release|ARM
		{5490EA05-AE39-4AFC-8A85-64BA8D748B9E}.Release|ARM.Deploy.0 = Release|ARM
		{5490EA05-AE39-4AFC-8A85-64BA8D748B9E}.Release|iPhone.ActiveCfg = Release|x86
		{5490EA05-AE39-4AFC-8A85-64BA8D748B9E}.Release|iPhoneSimulator.ActiveCfg = Release|x86
		{5490EA05-AE39-4AFC-8A85-64BA8D748B9E}.Release|x64.ActiveCfg = Release|x64
		{5490EA05-AE39-4AFC-8A85-64BA8D748B9E}.Release|x64.Build.0 = Release|x64
		{5490EA05-AE39-4AFC-8A85-64BA8D748B9E}.Release|x64.Deploy.0 = Release|x64
		{5490EA05-AE39-4AFC-8A85-64BA8D748B9E}.Release|x86.ActiveCfg = Release|x86
		{5490EA05-AE39-4AFC-8A85-64BA8D748B9E}.Release|x86.Build.0 = Release|x86
		{5490EA05-AE39-4AFC-8A85-64BA8D748B9E}.Release|x86.Deploy.0 = Release|x86
		{688553D8-8642-4288-8B68-1BC07CDC8CBC}.Ad-Hoc|Any CPU.ActiveCfg = Debug|Any CPU
		{688553D8-8642-4288-8B68-1BC07CDC8CBC}.Ad-Hoc|Any CPU.Build.0 = Debug|Any CPU
		{688553D8-8642-4288-8B68-1BC07CDC8CBC}.Ad-Hoc|ARM.ActiveCfg = Debug|Any CPU
		{688553D8-8642-4288-8B68-1BC07CDC8CBC}.Ad-Hoc|ARM.Build.0 = Debug|Any CPU
		{688553D8-8642-4288-8B68-1BC07CDC8CBC}.Ad-Hoc|iPhone.ActiveCfg = Debug|Any CPU
		{688553D8-8642-4288-8B68-1BC07CDC8CBC}.Ad-Hoc|iPhone.Build.0 = Debug|Any CPU
		{688553D8-8642-4288-8B68-1BC07CDC8CBC}.Ad-Hoc|iPhoneSimulator.ActiveCfg = Debug|Any CPU
		{688553D8-8642-4288-8B68-1BC07CDC8CBC}.Ad-Hoc|iPhoneSimulator.Build.0 = Debug|Any CPU
		{688553D8-8642-4288-8B68-1BC07CDC8CBC}.Ad-Hoc|x64.ActiveCfg = Debug|Any CPU
		{688553D8-8642-4288-8B68-1BC07CDC8CBC}.Ad-Hoc|x64.Build.0 = Debug|Any CPU
		{688553D8-8642-4288-8B68-1BC07CDC8CBC}.Ad-Hoc|x86.ActiveCfg = Debug|Any CPU
		{688553D8-8642-4288-8B68-1BC07CDC8CBC}.Ad-Hoc|x86.Build.0 = Debug|Any CPU
		{688553D8-8642-4288-8B68-1BC07CDC8CBC}.AppStore|Any CPU.ActiveCfg = Debug|Any CPU
		{688553D8-8642-4288-8B68-1BC07CDC8CBC}.AppStore|Any CPU.Build.0 = Debug|Any CPU
		{688553D8-8642-4288-8B68-1BC07CDC8CBC}.AppStore|ARM.ActiveCfg = Debug|Any CPU
		{688553D8-8642-4288-8B68-1BC07CDC8CBC}.AppStore|ARM.Build.0 = Debug|Any CPU
		{688553D8-8642-4288-8B68-1BC07CDC8CBC}.AppStore|iPhone.ActiveCfg = Debug|Any CPU
		{688553D8-8642-4288-8B68-1BC07CDC8CBC}.AppStore|iPhone.Build.0 = Debug|Any CPU
		{688553D8-8642-4288-8B68-1BC07CDC8CBC}.AppStore|iPhoneSimulator.ActiveCfg = Debug|Any CPU
		{688553D8-8642-4288-8B68-1BC07CDC8CBC}.AppStore|iPhoneSimulator.Build.0 = Debug|Any CPU
		{688553D8-8642-4288-8B68-1BC07CDC8CBC}.AppStore|x64.ActiveCfg = Debug|Any CPU
		{688553D8-8642-4288-8B68-1BC07CDC8CBC}.AppStore|x64.Build.0 = Debug|Any CPU
		{688553D8-8642-4288-8B68-1BC07CDC8CBC}.AppStore|x86.ActiveCfg = Debug|Any CPU
		{688553D8-8642-4288-8B68-1BC07CDC8CBC}.AppStore|x86.Build.0 = Debug|Any CPU
		{688553D8-8642-4288-8B68-1BC07CDC8CBC}.Debug|Any CPU.ActiveCfg = Debug|Any CPU
		{688553D8-8642-4288-8B68-1BC07CDC8CBC}.Debug|Any CPU.Build.0 = Debug|Any CPU
		{688553D8-8642-4288-8B68-1BC07CDC8CBC}.Debug|ARM.ActiveCfg = Debug|Any CPU
		{688553D8-8642-4288-8B68-1BC07CDC8CBC}.Debug|ARM.Build.0 = Debug|Any CPU
		{688553D8-8642-4288-8B68-1BC07CDC8CBC}.Debug|iPhone.ActiveCfg = Debug|Any CPU
		{688553D8-8642-4288-8B68-1BC07CDC8CBC}.Debug|iPhone.Build.0 = Debug|Any CPU
		{688553D8-8642-4288-8B68-1BC07CDC8CBC}.Debug|iPhoneSimulator.ActiveCfg = Debug|Any CPU
		{688553D8-8642-4288-8B68-1BC07CDC8CBC}.Debug|iPhoneSimulator.Build.0 = Debug|Any CPU
		{688553D8-8642-4288-8B68-1BC07CDC8CBC}.Debug|x64.ActiveCfg = Debug|Any CPU
		{688553D8-8642-4288-8B68-1BC07CDC8CBC}.Debug|x64.Build.0 = Debug|Any CPU
		{688553D8-8642-4288-8B68-1BC07CDC8CBC}.Debug|x86.ActiveCfg = Debug|Any CPU
		{688553D8-8642-4288-8B68-1BC07CDC8CBC}.Debug|x86.Build.0 = Debug|Any CPU
		{688553D8-8642-4288-8B68-1BC07CDC8CBC}.Release|Any CPU.ActiveCfg = Release|Any CPU
		{688553D8-8642-4288-8B68-1BC07CDC8CBC}.Release|Any CPU.Build.0 = Release|Any CPU
		{688553D8-8642-4288-8B68-1BC07CDC8CBC}.Release|ARM.ActiveCfg = Release|Any CPU
		{688553D8-8642-4288-8B68-1BC07CDC8CBC}.Release|ARM.Build.0 = Release|Any CPU
		{688553D8-8642-4288-8B68-1BC07CDC8CBC}.Release|iPhone.ActiveCfg = Release|Any CPU
		{688553D8-8642-4288-8B68-1BC07CDC8CBC}.Release|iPhone.Build.0 = Release|Any CPU
		{688553D8-8642-4288-8B68-1BC07CDC8CBC}.Release|iPhoneSimulator.ActiveCfg = Release|Any CPU
		{688553D8-8642-4288-8B68-1BC07CDC8CBC}.Release|iPhoneSimulator.Build.0 = Release|Any CPU
		{688553D8-8642-4288-8B68-1BC07CDC8CBC}.Release|x64.ActiveCfg = Release|Any CPU
		{688553D8-8642-4288-8B68-1BC07CDC8CBC}.Release|x64.Build.0 = Release|Any CPU
		{688553D8-8642-4288-8B68-1BC07CDC8CBC}.Release|x86.ActiveCfg = Release|Any CPU
		{688553D8-8642-4288-8B68-1BC07CDC8CBC}.Release|x86.Build.0 = Release|Any CPU
	EndGlobalSection
	GlobalSection(SolutionProperties) = preSolution
		HideSolutionNode = FALSE
	EndGlobalSection
	GlobalSection(ExtensibilityGlobals) = postSolution
		SolutionGuid = {F9B28C1B-B852-4C09-B7BE-D8DD12646012}
	EndGlobalSection
EndGlobal
